
Microsoft Visual Studio Solution File, Format Version 12.00
# Visual Studio Version 16
VisualStudioVersion = 16.0.30204.135
MinimumVisualStudioVersion = 10.0.40219.1
Project("{9A19103F-16F7-4668-BE54-9A1E7A4F7556}") = "HW_6k", "HW_6k\HW_6k.csproj", "{3EDB1314-90B7-41BF-A097-72164D222433}"
EndProject
Project("{FAE04EC0-301F-11D3-BF4B-00C04F79EFBC}") = "НОД", "НОД\НОД.csproj", "{00DC4C3D-66AD-4905-8D7B-8EE623D52D8D}"
EndProject
Project("{FAE04EC0-301F-11D3-BF4B-00C04F79EFBC}") = "GrND", "GrND\GrND.csproj", "{66FED7FF-2287-4DDB-B2F7-68E5F108BD04}"
EndProject
Project("{FAE04EC0-301F-11D3-BF4B-00C04F79EFBC}") = "Простые числа", "Простые числа\Простые числа.csproj", "{13F0ACB4-DF49-413B-B780-BBF2F6D65F24}"
EndProject
Global
	GlobalSection(SolutionConfigurationPlatforms) = preSolution
		Debug|Any CPU = Debug|Any CPU
		Release|Any CPU = Release|Any CPU
	EndGlobalSection
	GlobalSection(ProjectConfigurationPlatforms) = postSolution
		{3EDB1314-90B7-41BF-A097-72164D222433}.Debug|Any CPU.ActiveCfg = Debug|Any CPU
		{3EDB1314-90B7-41BF-A097-72164D222433}.Debug|Any CPU.Build.0 = Debug|Any CPU
		{3EDB1314-90B7-41BF-A097-72164D222433}.Release|Any CPU.ActiveCfg = Release|Any CPU
		{3EDB1314-90B7-41BF-A097-72164D222433}.Release|Any CPU.Build.0 = Release|Any CPU
		{00DC4C3D-66AD-4905-8D7B-8EE623D52D8D}.Debug|Any CPU.ActiveCfg = Debug|Any CPU
		{00DC4C3D-66AD-4905-8D7B-8EE623D52D8D}.Debug|Any CPU.Build.0 = Debug|Any CPU
		{00DC4C3D-66AD-4905-8D7B-8EE623D52D8D}.Release|Any CPU.ActiveCfg = Release|Any CPU
		{00DC4C3D-66AD-4905-8D7B-8EE623D52D8D}.Release|Any CPU.Build.0 = Release|Any CPU
		{66FED7FF-2287-4DDB-B2F7-68E5F108BD04}.Debug|Any CPU.ActiveCfg = Debug|Any CPU
		{66FED7FF-2287-4DDB-B2F7-68E5F108BD04}.Debug|Any CPU.Build.0 = Debug|Any CPU
		{66FED7FF-2287-4DDB-B2F7-68E5F108BD04}.Release|Any CPU.ActiveCfg = Release|Any CPU
		{66FED7FF-2287-4DDB-B2F7-68E5F108BD04}.Release|Any CPU.Build.0 = Release|Any CPU
		{13F0ACB4-DF49-413B-B780-BBF2F6D65F24}.Debug|Any CPU.ActiveCfg = Debug|Any CPU
		{13F0ACB4-DF49-413B-B780-BBF2F6D65F24}.Debug|Any CPU.Build.0 = Debug|Any CPU
		{13F0ACB4-DF49-413B-B780-BBF2F6D65F24}.Release|Any CPU.ActiveCfg = Release|Any CPU
		{13F0ACB4-DF49-413B-B780-BBF2F6D65F24}.Release|Any CPU.Build.0 = Release|Any CPU
	EndGlobalSection
	GlobalSection(SolutionProperties) = preSolution
		HideSolutionNode = FALSE
	EndGlobalSection
	GlobalSection(ExtensibilityGlobals) = postSolution
		SolutionGuid = {182348D8-5F0D-4053-A731-8DA878D1FB01}
	EndGlobalSection
EndGlobal
